
Microsoft Visual Studio Solution File, Format Version 12.00
# Visual Studio 15
VisualStudioVersion = 15.0.28307.136
MinimumVisualStudioVersion = 10.0.40219.1
Project("{FAE04EC0-301F-11D3-BF4B-00C04F79EFBC}") = "AttendEZ", "AttendEZ\AttendEZ.csproj", "{A5C1F1EF-C916-4A97-A361-926A8CEE0E06}"
EndProject
Project("{FAE04EC0-301F-11D3-BF4B-00C04F79EFBC}") = "AttendEZData", "AttendEZData\AttendEZData.csproj", "{929F816C-6A30-4F90-B93B-B52F57C20767}"
EndProject
Global
	GlobalSection(SolutionConfigurationPlatforms) = preSolution
		Debug|Any CPU = Debug|Any CPU
		Release|Any CPU = Release|Any CPU
	EndGlobalSection
	GlobalSection(ProjectConfigurationPlatforms) = postSolution
		{A5C1F1EF-C916-4A97-A361-926A8CEE0E06}.Debug|Any CPU.ActiveCfg = Debug|Any CPU
		{A5C1F1EF-C916-4A97-A361-926A8CEE0E06}.Debug|Any CPU.Build.0 = Debug|Any CPU
		{A5C1F1EF-C916-4A97-A361-926A8CEE0E06}.Release|Any CPU.ActiveCfg = Release|Any CPU
		{A5C1F1EF-C916-4A97-A361-926A8CEE0E06}.Release|Any CPU.Build.0 = Release|Any CPU
		{929F816C-6A30-4F90-B93B-B52F57C20767}.Debug|Any CPU.ActiveCfg = Debug|Any CPU
		{929F816C-6A30-4F90-B93B-B52F57C20767}.Debug|Any CPU.Build.0 = Debug|Any CPU
		{929F816C-6A30-4F90-B93B-B52F57C20767}.Release|Any CPU.ActiveCfg = Release|Any CPU
		{929F816C-6A30-4F90-B93B-B52F57C20767}.Release|Any CPU.Build.0 = Release|Any CPU
	EndGlobalSection
	GlobalSection(SolutionProperties) = preSolution
		HideSolutionNode = FALSE
	EndGlobalSection
	GlobalSection(ExtensibilityGlobals) = postSolution
		SolutionGuid = {E57600BF-689B-46B8-87DB-F21B95F75837}
	EndGlobalSection
EndGlobal
